{
    "version": 3,
    "terraform_version": "0.8.8",
    "serial": 10,
    "lineage": "b4dbd875-ca17-4331-be26-b757d82178ae",
    "modules": [
        {
            "path": [
                "root"
            ],
            "outputs": {},
            "resources": {
                "aws_iam_policy.vault-init-policy": {
                    "type": "aws_iam_policy",
                    "depends_on": [
                        "data.aws_iam_policy_document.vault-init-policy-data"
                    ],
                    "primary": {
                        "id": "arn:aws:iam::615197564783:policy/vault-init-policy",
                        "attributes": {
                            "arn": "arn:aws:iam::615197564783:policy/vault-init-policy",
                            "description": "Vault Init Policy",
                            "id": "arn:aws:iam::615197564783:policy/vault-init-policy",
                            "name": "vault-init-policy",
                            "path": "/",
                            "policy": "{\n  \"Version\": \"2012-10-17\",\n  \"Statement\": [\n    {\n      \"Sid\": \"VaultInitPermissions\",\n      \"Effect\": \"Allow\",\n      \"Action\": \"s3:*\",\n      \"Resource\": \"*\"\n    }\n  ]\n}"
                        },
                        "meta": {},
                        "tainted": false
                    },
                    "deposed": [],
                    "provider": ""
                },
                "aws_iam_role.vault-role": {
                    "type": "aws_iam_role",
                    "depends_on": [
                        "data.aws_iam_policy_document.vault-role-policy-data"
                    ],
                    "primary": {
                        "id": "vault-ec2",
                        "attributes": {
                            "arn": "arn:aws:iam::615197564783:role/vault-ec2",
                            "assume_role_policy": "{\"Version\":\"2012-10-17\",\"Statement\":[{\"Sid\":\"\",\"Effect\":\"Allow\",\"Principal\":{\"AWS\":\"arn:aws:iam::615197564783:root\"},\"Action\":\"sts:AssumeRole\"}]}",
                            "create_date": "2017-03-11T08:00:17Z",
                            "id": "vault-ec2",
                            "name": "vault-ec2",
                            "path": "/",
                            "unique_id": "AROAIDGURV6FTNBYUWN5G"
                        },
                        "meta": {},
                        "tainted": false
                    },
                    "deposed": [],
                    "provider": ""
                },
                "aws_iam_user.vault-init": {
                    "type": "aws_iam_user",
                    "depends_on": [],
                    "primary": {
                        "id": "vault-init",
                        "attributes": {
                            "arn": "arn:aws:iam::615197564783:user/vault-init",
                            "force_destroy": "false",
                            "id": "vault-init",
                            "name": "vault-init",
                            "path": "/",
                            "unique_id": "AIDAIQ345GLBVKDKNM2RO"
                        },
                        "meta": {},
                        "tainted": false
                    },
                    "deposed": [],
                    "provider": ""
                },
                "aws_iam_user_policy_attachment.vault-init-policy-attach": {
                    "type": "aws_iam_user_policy_attachment",
                    "depends_on": [
                        "aws_iam_policy.vault-init-policy",
                        "aws_iam_user.vault-init"
                    ],
                    "primary": {
                        "id": "vault-init-00372defe230599928c8bf8615",
                        "attributes": {
                            "id": "vault-init-00372defe230599928c8bf8615",
                            "policy_arn": "arn:aws:iam::615197564783:policy/vault-init-policy",
                            "user": "vault-init"
                        },
                        "meta": {},
                        "tainted": false
                    },
                    "deposed": [],
                    "provider": ""
                },
                "aws_s3_bucket.vault-bucket": {
                    "type": "aws_s3_bucket",
                    "depends_on": [],
                    "primary": {
                        "id": "615197564783-vault",
                        "attributes": {
                            "acceleration_status": "",
                            "acl": "private",
                            "arn": "arn:aws:s3:::615197564783-vault",
                            "bucket": "615197564783-vault",
                            "bucket_domain_name": "615197564783-vault.s3.amazonaws.com",
                            "force_destroy": "false",
                            "hosted_zone_id": "Z3AQBSTGFYJSTF",
                            "id": "615197564783-vault",
                            "region": "us-east-1",
                            "request_payer": "BucketOwner",
                            "tags.%": "3",
                            "tags.Environment": "Dev",
                            "tags.Name": "Vault bucket",
                            "tags.Service": "Vault",
                            "versioning.#": "1",
                            "versioning.0.enabled": "false",
                            "versioning.0.mfa_delete": "false",
                            "website.#": "0"
                        },
                        "meta": {},
                        "tainted": false
                    },
                    "deposed": [],
                    "provider": ""
                },
                "aws_s3_bucket_policy.vault-policy": {
                    "type": "aws_s3_bucket_policy",
                    "depends_on": [
                        "aws_s3_bucket.vault-bucket",
                        "data.aws_iam_policy_document.vault-bucket-policy-data"
                    ],
                    "primary": {
                        "id": "615197564783-vault",
                        "attributes": {
                            "bucket": "615197564783-vault",
                            "id": "615197564783-vault",
                            "policy": "{\n  \"Version\": \"2012-10-17\",\n  \"Statement\": [\n    {\n      \"Sid\": \"VaultPermissions\",\n      \"Effect\": \"Allow\",\n      \"Action\": \"s3:*\",\n      \"Resource\": \"arn:aws:s3:::615197564783-vault\",\n      \"Principal\": {\n        \"AWS\": \"arn:aws:iam::615197564783:user/tf\"\n      }\n    }\n  ]\n}"
                        },
                        "meta": {},
                        "tainted": false
                    },
                    "deposed": [],
                    "provider": ""
                },
                "data.aws_iam_policy_document.vault-bucket-policy-data": {
                    "type": "aws_iam_policy_document",
                    "depends_on": [],
                    "primary": {
                        "id": "1359210769",
                        "attributes": {
                            "id": "1359210769",
                            "json": "{\n  \"Version\": \"2012-10-17\",\n  \"Statement\": [\n    {\n      \"Sid\": \"VaultPermissions\",\n      \"Effect\": \"Allow\",\n      \"Action\": \"s3:*\",\n      \"Resource\": \"arn:aws:s3:::615197564783-vault\",\n      \"Principal\": {\n        \"AWS\": \"arn:aws:iam::615197564783:user/tf\"\n      }\n    }\n  ]\n}",
                            "statement.#": "1",
                            "statement.0.actions.#": "1",
                            "statement.0.actions.1834123015": "s3:*",
                            "statement.0.condition.#": "0",
                            "statement.0.effect": "Allow",
                            "statement.0.not_actions.#": "0",
                            "statement.0.not_principals.#": "0",
                            "statement.0.not_resources.#": "0",
                            "statement.0.principals.#": "1",
                            "statement.0.principals.2493912255.identifiers.#": "1",
                            "statement.0.principals.2493912255.identifiers.2355189810": "arn:aws:iam::615197564783:user/tf",
                            "statement.0.principals.2493912255.type": "AWS",
                            "statement.0.resources.#": "1",
                            "statement.0.resources.2692394520": "arn:aws:s3:::615197564783-vault",
                            "statement.0.sid": "VaultPermissions"
                        },
                        "meta": {},
                        "tainted": false
                    },
                    "deposed": [],
                    "provider": ""
                },
                "data.aws_iam_policy_document.vault-init-policy-data": {
                    "type": "aws_iam_policy_document",
                    "depends_on": [],
                    "primary": {
                        "id": "510216533",
                        "attributes": {
                            "id": "510216533",
                            "json": "{\n  \"Version\": \"2012-10-17\",\n  \"Statement\": [\n    {\n      \"Sid\": \"VaultInitPermissions\",\n      \"Effect\": \"Allow\",\n      \"Action\": \"s3:*\",\n      \"Resource\": \"*\"\n    }\n  ]\n}",
                            "statement.#": "1",
                            "statement.0.actions.#": "1",
                            "statement.0.actions.1834123015": "s3:*",
                            "statement.0.condition.#": "0",
                            "statement.0.effect": "Allow",
                            "statement.0.not_actions.#": "0",
                            "statement.0.not_principals.#": "0",
                            "statement.0.not_resources.#": "0",
                            "statement.0.principals.#": "0",
                            "statement.0.resources.#": "1",
                            "statement.0.resources.2679715827": "*",
                            "statement.0.sid": "VaultInitPermissions"
                        },
                        "meta": {},
                        "tainted": false
                    },
                    "deposed": [],
                    "provider": ""
                },
                "data.aws_iam_policy_document.vault-role-policy-data": {
                    "type": "aws_iam_policy_document",
                    "depends_on": [],
                    "primary": {
                        "id": "186852880",
                        "attributes": {
                            "id": "186852880",
                            "json": "{\n  \"Version\": \"2012-10-17\",\n  \"Statement\": [\n    {\n      \"Sid\": \"\",\n      \"Effect\": \"Allow\",\n      \"Action\": \"sts:AssumeRole\",\n      \"Principal\": {\n        \"AWS\": \"arn:aws:iam::615197564783:root\"\n      }\n    }\n  ]\n}",
                            "statement.#": "1",
                            "statement.0.actions.#": "1",
                            "statement.0.actions.2528466339": "sts:AssumeRole",
                            "statement.0.condition.#": "0",
                            "statement.0.effect": "Allow",
                            "statement.0.not_actions.#": "0",
                            "statement.0.not_principals.#": "0",
                            "statement.0.not_resources.#": "0",
                            "statement.0.principals.#": "1",
                            "statement.0.principals.860653420.identifiers.#": "1",
                            "statement.0.principals.860653420.identifiers.1983217171": "arn:aws:iam::615197564783:root",
                            "statement.0.principals.860653420.type": "AWS",
                            "statement.0.resources.#": "0",
                            "statement.0.sid": ""
                        },
                        "meta": {},
                        "tainted": false
                    },
                    "deposed": [],
                    "provider": ""
                }
            },
            "depends_on": []
        }
    ]
}
